
Microsoft Visual Studio Solution File, Format Version 12.00
# Visual Studio 2015
Project("{FAE04EC0-301F-11D3-BF4B-00C04F79EFBC}") = "DoodleRun", "DoodleRun.csproj", "{12257B72-6EB0-BDBC-0AFF-CE32D98662C3}"
EndProject
Project("{FAE04EC0-301F-11D3-BF4B-00C04F79EFBC}") = "DoodleRun.Editor", "DoodleRun.Editor.csproj", "{33EB705D-21C3-C792-B7E0-3147A5419568}"
EndProject
Global
	GlobalSection(SolutionConfigurationPlatforms) = preSolution
		Debug|Any CPU = Debug|Any CPU
		Release|Any CPU = Release|Any CPU
	EndGlobalSection
	GlobalSection(ProjectConfigurationPlatforms) = postSolution
		{12257B72-6EB0-BDBC-0AFF-CE32D98662C3}.Debug|Any CPU.ActiveCfg = Debug|Any CPU
		{12257B72-6EB0-BDBC-0AFF-CE32D98662C3}.Debug|Any CPU.Build.0 = Debug|Any CPU
		{12257B72-6EB0-BDBC-0AFF-CE32D98662C3}.Release|Any CPU.ActiveCfg = Release|Any CPU
		{12257B72-6EB0-BDBC-0AFF-CE32D98662C3}.Release|Any CPU.Build.0 = Release|Any CPU
		{33EB705D-21C3-C792-B7E0-3147A5419568}.Debug|Any CPU.ActiveCfg = Debug|Any CPU
		{33EB705D-21C3-C792-B7E0-3147A5419568}.Debug|Any CPU.Build.0 = Debug|Any CPU
		{33EB705D-21C3-C792-B7E0-3147A5419568}.Release|Any CPU.ActiveCfg = Release|Any CPU
		{33EB705D-21C3-C792-B7E0-3147A5419568}.Release|Any CPU.Build.0 = Release|Any CPU
	EndGlobalSection
	GlobalSection(SolutionProperties) = preSolution
		HideSolutionNode = FALSE
	EndGlobalSection
EndGlobal
